
Microsoft Visual Studio Solution File, Format Version 12.00
# Visual Studio Version 16
VisualStudioVersion = 16.0.31702.278
MinimumVisualStudioVersion = 10.0.40219.1
Project("{2150E333-8FDC-42A3-9474-1A3956D46DE8}") = "Klant", "Klant", "{D8F1EAAF-77C4-4AD3-9D5F-FC7A27FB9BE3}"
EndProject
Project("{2150E333-8FDC-42A3-9474-1A3956D46DE8}") = "Beheerder", "Beheerder", "{82C9A603-F15E-411A-B36E-031CA2246F57}"
EndProject
Project("{9A19103F-16F7-4668-BE54-9A1E7A4F7556}") = "ConsoleAppKlant", "ConsoleAppKlant\ConsoleAppKlant.csproj", "{07FFDF86-BA1D-4C12-9F8A-1E78CC08FEF2}"
EndProject
Project("{2150E333-8FDC-42A3-9474-1A3956D46DE8}") = "BL", "BL", "{57F9E6C8-94B5-4398-8C8A-5A05C6B04A16}"
EndProject
Project("{2150E333-8FDC-42A3-9474-1A3956D46DE8}") = "DL", "DL", "{CB15E355-FE82-4B9B-A81D-C631975D2DCF}"
EndProject
Project("{9A19103F-16F7-4668-BE54-9A1E7A4F7556}") = "BLKlant", "BLKlant\BLKlant.csproj", "{C30BD38B-8800-4C90-8B0A-76ECC4A5438A}"
EndProject
Project("{9A19103F-16F7-4668-BE54-9A1E7A4F7556}") = "ConsoleAppKlantDL", "ConsoleAppKlantDL\ConsoleAppKlantDL.csproj", "{0D11CF2A-504A-4E26-9C71-E94FA984CB2F}"
EndProject
Project("{9A19103F-16F7-4668-BE54-9A1E7A4F7556}") = "DLKlant", "DLKlant\DLKlant.csproj", "{E2136DFE-82E9-4519-8E7B-692D6023476B}"
EndProject
Project("{9A19103F-16F7-4668-BE54-9A1E7A4F7556}") = "TestProjectKlant", "TestProjectKlant\TestProjectKlant.csproj", "{1A5B9EC3-6987-47FD-AF96-87B75320BDD8}"
EndProject
Project("{2150E333-8FDC-42A3-9474-1A3956D46DE8}") = "UI", "UI", "{EF3BE7C0-CBDA-4CC9-8E7F-E8058A08E4F4}"
EndProject
Project("{FAE04EC0-301F-11D3-BF4B-00C04F79EFBC}") = "KlantUI", "KlantUI\KlantUI.csproj", "{CE193429-0839-4828-896E-2E56483B5800}"
EndProject
Global
	GlobalSection(SolutionConfigurationPlatforms) = preSolution
		Debug|Any CPU = Debug|Any CPU
		Release|Any CPU = Release|Any CPU
	EndGlobalSection
	GlobalSection(ProjectConfigurationPlatforms) = postSolution
		{07FFDF86-BA1D-4C12-9F8A-1E78CC08FEF2}.Debug|Any CPU.ActiveCfg = Debug|Any CPU
		{07FFDF86-BA1D-4C12-9F8A-1E78CC08FEF2}.Debug|Any CPU.Build.0 = Debug|Any CPU
		{07FFDF86-BA1D-4C12-9F8A-1E78CC08FEF2}.Release|Any CPU.ActiveCfg = Release|Any CPU
		{07FFDF86-BA1D-4C12-9F8A-1E78CC08FEF2}.Release|Any CPU.Build.0 = Release|Any CPU
		{C30BD38B-8800-4C90-8B0A-76ECC4A5438A}.Debug|Any CPU.ActiveCfg = Debug|Any CPU
		{C30BD38B-8800-4C90-8B0A-76ECC4A5438A}.Debug|Any CPU.Build.0 = Debug|Any CPU
		{C30BD38B-8800-4C90-8B0A-76ECC4A5438A}.Release|Any CPU.ActiveCfg = Release|Any CPU
		{C30BD38B-8800-4C90-8B0A-76ECC4A5438A}.Release|Any CPU.Build.0 = Release|Any CPU
		{0D11CF2A-504A-4E26-9C71-E94FA984CB2F}.Debug|Any CPU.ActiveCfg = Debug|Any CPU
		{0D11CF2A-504A-4E26-9C71-E94FA984CB2F}.Debug|Any CPU.Build.0 = Debug|Any CPU
		{0D11CF2A-504A-4E26-9C71-E94FA984CB2F}.Release|Any CPU.ActiveCfg = Release|Any CPU
		{0D11CF2A-504A-4E26-9C71-E94FA984CB2F}.Release|Any CPU.Build.0 = Release|Any CPU
		{E2136DFE-82E9-4519-8E7B-692D6023476B}.Debug|Any CPU.ActiveCfg = Debug|Any CPU
		{E2136DFE-82E9-4519-8E7B-692D6023476B}.Debug|Any CPU.Build.0 = Debug|Any CPU
		{E2136DFE-82E9-4519-8E7B-692D6023476B}.Release|Any CPU.ActiveCfg = Release|Any CPU
		{E2136DFE-82E9-4519-8E7B-692D6023476B}.Release|Any CPU.Build.0 = Release|Any CPU
		{1A5B9EC3-6987-47FD-AF96-87B75320BDD8}.Debug|Any CPU.ActiveCfg = Debug|Any CPU
		{1A5B9EC3-6987-47FD-AF96-87B75320BDD8}.Debug|Any CPU.Build.0 = Debug|Any CPU
		{1A5B9EC3-6987-47FD-AF96-87B75320BDD8}.Release|Any CPU.ActiveCfg = Release|Any CPU
		{1A5B9EC3-6987-47FD-AF96-87B75320BDD8}.Release|Any CPU.Build.0 = Release|Any CPU
		{CE193429-0839-4828-896E-2E56483B5800}.Debug|Any CPU.ActiveCfg = Debug|Any CPU
		{CE193429-0839-4828-896E-2E56483B5800}.Debug|Any CPU.Build.0 = Debug|Any CPU
		{CE193429-0839-4828-896E-2E56483B5800}.Release|Any CPU.ActiveCfg = Release|Any CPU
		{CE193429-0839-4828-896E-2E56483B5800}.Release|Any CPU.Build.0 = Release|Any CPU
	EndGlobalSection
	GlobalSection(SolutionProperties) = preSolution
		HideSolutionNode = FALSE
	EndGlobalSection
	GlobalSection(NestedProjects) = preSolution
		{07FFDF86-BA1D-4C12-9F8A-1E78CC08FEF2} = {57F9E6C8-94B5-4398-8C8A-5A05C6B04A16}
		{57F9E6C8-94B5-4398-8C8A-5A05C6B04A16} = {D8F1EAAF-77C4-4AD3-9D5F-FC7A27FB9BE3}
		{CB15E355-FE82-4B9B-A81D-C631975D2DCF} = {D8F1EAAF-77C4-4AD3-9D5F-FC7A27FB9BE3}
		{C30BD38B-8800-4C90-8B0A-76ECC4A5438A} = {57F9E6C8-94B5-4398-8C8A-5A05C6B04A16}
		{0D11CF2A-504A-4E26-9C71-E94FA984CB2F} = {CB15E355-FE82-4B9B-A81D-C631975D2DCF}
		{E2136DFE-82E9-4519-8E7B-692D6023476B} = {CB15E355-FE82-4B9B-A81D-C631975D2DCF}
		{1A5B9EC3-6987-47FD-AF96-87B75320BDD8} = {CB15E355-FE82-4B9B-A81D-C631975D2DCF}
		{EF3BE7C0-CBDA-4CC9-8E7F-E8058A08E4F4} = {D8F1EAAF-77C4-4AD3-9D5F-FC7A27FB9BE3}
		{CE193429-0839-4828-896E-2E56483B5800} = {EF3BE7C0-CBDA-4CC9-8E7F-E8058A08E4F4}
	EndGlobalSection
	GlobalSection(ExtensibilityGlobals) = postSolution
		SolutionGuid = {163215D8-9333-4077-A322-CAAF2D29ADA0}
	EndGlobalSection
EndGlobal
